
Microsoft Visual Studio Solution File, Format Version 12.00
# Visual Studio Version 16
VisualStudioVersion = 16.0.29920.165
MinimumVisualStudioVersion = 10.0.40219.1
Project("{FAE04EC0-301F-11D3-BF4B-00C04F79EFBC}") = "DataStructureMemory", "DataStructureMemory\DataStructureMemory.csproj", "{241F9497-60D4-4461-A563-19033BE8F3DF}"
EndProject
Global
	GlobalSection(SolutionConfigurationPlatforms) = preSolution
		Debug|Any CPU = Debug|Any CPU
		Release|Any CPU = Release|Any CPU
	EndGlobalSection
	GlobalSection(ProjectConfigurationPlatforms) = postSolution
		{241F9497-60D4-4461-A563-19033BE8F3DF}.Debug|Any CPU.ActiveCfg = Debug|Any CPU
		{241F9497-60D4-4461-A563-19033BE8F3DF}.Debug|Any CPU.Build.0 = Debug|Any CPU
		{241F9497-60D4-4461-A563-19033BE8F3DF}.Release|Any CPU.ActiveCfg = Release|Any CPU
		{241F9497-60D4-4461-A563-19033BE8F3DF}.Release|Any CPU.Build.0 = Release|Any CPU
	EndGlobalSection
	GlobalSection(SolutionProperties) = preSolution
		HideSolutionNode = FALSE
	EndGlobalSection
	GlobalSection(ExtensibilityGlobals) = postSolution
		SolutionGuid = {65EA0CEE-05B1-4D3F-AD10-B2FE0BA7AEF2}
	EndGlobalSection
EndGlobal
